
Microsoft Visual Studio Solution File, Format Version 12.00
# Visual Studio Version 16
VisualStudioVersion = 16.0.33027.164
MinimumVisualStudioVersion = 10.0.40219.1
Project("{9A19103F-16F7-4668-BE54-9A1E7A4F7556}") = "CarRentalManagement.Server", "CarRentalManagement\Server\CarRentalManagement.Server.csproj", "{A56D52EC-6F44-4DD4-9569-4B76B1FCE849}"
EndProject
Project("{9A19103F-16F7-4668-BE54-9A1E7A4F7556}") = "CarRentalManagement.Client", "CarRentalManagement\Client\CarRentalManagement.Client.csproj", "{FADFB9D5-F92A-473E-86A2-CD7CAAE1A206}"
EndProject
Project("{9A19103F-16F7-4668-BE54-9A1E7A4F7556}") = "CarRentalManagement.Shared", "CarRentalManagement\Shared\CarRentalManagement.Shared.csproj", "{6523D23E-28EC-4C01-883B-67FFAB801992}"
EndProject
Global
	GlobalSection(SolutionConfigurationPlatforms) = preSolution
		Debug|Any CPU = Debug|Any CPU
		Release|Any CPU = Release|Any CPU
	EndGlobalSection
	GlobalSection(ProjectConfigurationPlatforms) = postSolution
		{A56D52EC-6F44-4DD4-9569-4B76B1FCE849}.Debug|Any CPU.ActiveCfg = Debug|Any CPU
		{A56D52EC-6F44-4DD4-9569-4B76B1FCE849}.Debug|Any CPU.Build.0 = Debug|Any CPU
		{A56D52EC-6F44-4DD4-9569-4B76B1FCE849}.Release|Any CPU.ActiveCfg = Release|Any CPU
		{A56D52EC-6F44-4DD4-9569-4B76B1FCE849}.Release|Any CPU.Build.0 = Release|Any CPU
		{FADFB9D5-F92A-473E-86A2-CD7CAAE1A206}.Debug|Any CPU.ActiveCfg = Debug|Any CPU
		{FADFB9D5-F92A-473E-86A2-CD7CAAE1A206}.Debug|Any CPU.Build.0 = Debug|Any CPU
		{FADFB9D5-F92A-473E-86A2-CD7CAAE1A206}.Release|Any CPU.ActiveCfg = Release|Any CPU
		{FADFB9D5-F92A-473E-86A2-CD7CAAE1A206}.Release|Any CPU.Build.0 = Release|Any CPU
		{6523D23E-28EC-4C01-883B-67FFAB801992}.Debug|Any CPU.ActiveCfg = Debug|Any CPU
		{6523D23E-28EC-4C01-883B-67FFAB801992}.Debug|Any CPU.Build.0 = Debug|Any CPU
		{6523D23E-28EC-4C01-883B-67FFAB801992}.Release|Any CPU.ActiveCfg = Release|Any CPU
		{6523D23E-28EC-4C01-883B-67FFAB801992}.Release|Any CPU.Build.0 = Release|Any CPU
	EndGlobalSection
	GlobalSection(SolutionProperties) = preSolution
		HideSolutionNode = FALSE
	EndGlobalSection
	GlobalSection(ExtensibilityGlobals) = postSolution
		SolutionGuid = {C3C23F4E-BF4F-4D6D-B181-D14E74B4C8F3}
	EndGlobalSection
EndGlobal
